// !$*UTF8*$!
{
	archiveVersion = 1;
	classes = {
	};
	objectVersion = 46;
	objects = {

/* Begin PBXBuildFile section */
		D7BA642E1C502F9F00FFBD65 /* main.c in Sources */ = {isa = PBXBuildFile; fileRef = D7BA642D1C502F9F00FFBD65 /* main.c */; };
/* End PBXBuildFile section */

/* Begin PBXCopyFilesBuildPhase section */
		D7BA64281C502F9F00FFBD65 /* CopyFiles */ = {
			isa = PBXCopyFilesBuildPhase;
			buildActionMask = 2147483647;
			dstPath = /usr/share/man/man1/;
			dstSubfolderSpec = 0;
			files = (
			);
			runOnlyForDeploymentPostprocessing = 1;
		};
/* End PBXCopyFilesBuildPhase section */

/* Begin PBXFileReference section */
		D7BA642A1C502F9F00FFBD65 /* DevelopC */ = {isa = PBXFileReference; explicitFileType = "compiled.mach-o.executable"; includeInIndex = 0; path = DevelopC; sourceTree = BUILT_PRODUCTS_DIR; };
		D7BA642D1C502F9F00FFBD65 /* main.c */ = {isa = PBXFileReference; lastKnownFileType = sourcecode.c.c; path = main.c; sourceTree = "<group>"; };
/* End PBXFileReference section */

/* Begin PBXFrameworksBuildPhase section */
		D7BA64271C502F9F00FFBD65 /* Frameworks */ = {
			isa = PBXFrameworksBuildPhase;
			buildActionMask = 2147483647;
			files = (
			);
			runOnlyForDeploymentPostprocessing = 0;
		};
/* End PBXFrameworksBuildPhase section */

/* Begin PBXGroup section */
		D7BA64211C502F9E00FFBD65 = {
			isa = PBXGroup;
			children = (
				D7BA642C1C502F9F00FFBD65 /* DevelopC */,
				D7BA642B1C502F9F00FFBD65 /* Products */,
			);
			sourceTree = "<group>";
		};
		D7BA642B1C502F9F00FFBD65 /* Products */ = {
			isa = PBXGroup;
			children = (
				D7BA642A1C502F9F00FFBD65 /* DevelopC */,
			);
			name = Products;
			sourceTree = "<group>";
		};
		D7BA642C1C502F9F00FFBD65 /* DevelopC */ = {
			isa = PBXGroup;
			children = (
				D7BA642D1C502F9F00FFBD65 /* main.c */,
			);
			path = DevelopC;
			sourceTree = "<group>";
		};
/* End PBXGroup section */

/* Begin PBXNativeTarget section */
		D7BA64291C502F9F00FFBD65 /* DevelopC */ = {
			isa = PBXNativeTarget;
			buildConfigurationList = D7BA64311C502F9F00FFBD65 /* Build configuration list for PBXNativeTarget "DevelopC" */;
			buildPhases = (
				D7BA64261C502F9F00FFBD65 /* Sources */,
				D7BA64271C502F9F00FFBD65 /* Frameworks */,
				D7BA64281C502F9F00FFBD65 /* CopyFiles */,
			);
			buildRules = (
			);
			dependencies = (
			);
			name = DevelopC;
			productName = DevelopC;
			productReference = D7BA642A1C502F9F00FFBD65 /* DevelopC */;
			productType = "com.apple.product-type.tool";
		};
/* End PBXNativeTarget section */

/* Begin PBXProject section */
		D7BA64221C502F9F00FFBD65 /* Project object */ = {
			isa = PBXProject;
			attributes = {
				LastUpgradeCheck = 0720;
				ORGANIZATIONNAME = "Silver Johnes";
				TargetAttributes = {
					D7BA64291C502F9F00FFBD65 = {
						CreatedOnToolsVersion = 7.2;
					};
				};
			};
			buildConfigurationList = D7BA64251C502F9F00FFBD65 /* Build configuration list for PBXProject "DevelopC" */;
			compatibilityVersion = "Xcode 3.2";
			developmentRegion = English;
			hasScannedForEncodings = 0;
			knownRegions = (
				en,
			);
			mainGroup = D7BA64211C502F9E00FFBD65;
			productRefGroup = D7BA642B1C502F9F00FFBD65 /* Products */;
			projectDirPath = "";
			projectRoot = "";
			targets = (
				D7BA64291C502F9F00FFBD65 /* DevelopC */,
			);
		};
/* End PBXProject section */

/* Begin PBXSourcesBuildPhase section */
		D7BA64261C502F9F00FFBD65 /* Sources */ = {
			isa = PBXSourcesBuildPhase;
			buildActionMask = 2147483647;
			files = (
				D7BA642E1C502F9F00FFBD65 /* main.c in Sources */,
			);
			runOnlyForDeploymentPostprocessing = 0;
		};
/* End PBXSourcesBuildPhase section */

/* Begin XCBuildConfiguration section */
		D7BA642F1C502F9F00FFBD65 /* Debug */ = {
			isa = XCBuildConfiguration;
			buildSettings = {
				ALWAYS_SEARCH_USER_PATHS = NO;
				CLANG_CXX_LANGUAGE_STANDARD = "gnu++0x";
				CLANG_CXX_LIBRARY = "libc++";
				CLANG_ENABLE_MODULES = YES;
				CLANG_ENABLE_OBJC_ARC = YES;
				CLANG_WARN_BOOL_CONVERSION = YES;
				CLANG_WARN_CONSTANT_CONVERSION = YES;
				CLANG_WARN_DIRECT_OBJC_ISA_USAGE = YES_ERROR;
				CLANG_WARN_EMPTY_BODY = YES;
				CLANG_WARN_ENUM_CONVERSION = YES;
				CLANG_WARN_INT_CONVERSION = YES;
				CLANG_WARN_OBJC_ROOT_CLASS = YES_ERROR;
				CLANG_WARN_UNREACHABLE_CODE = YES;
				CLANG_WARN__DUPLICATE_METHOD_MATCH = YES;
				CODE_SIGN_IDENTITY = "-";
				COPY_PHASE_STRIP = NO;
				DEBUG_INFORMATION_FORMAT = dwarf;
				ENABLE_STRICT_OBJC_MSGSEND = YES;
				ENABLE_TESTABILITY = YES;
				GCC_C_LANGUAGE_STANDARD = gnu99;
				GCC_DYNAMIC_NO_PIC = NO;
				GCC_NO_COMMON_BLOCKS = YES;
				GCC_OPTIMIZATION_LEVEL = 0;
				GCC_PREPROCESSOR_DEFINITIONS = (
					"DEBUG=1",
					"$(inherited)",
				);
				GCC_WARN_64_TO_32_BIT_CONVERSION = YES;
				GCC_WARN_ABOUT_RETURN_TYPE = YES_ERROR;
				GCC_WARN_UNDECLARED_SELECTOR = YES;
				GCC_WARN_UNINITIALIZED_AUTOS = YES_AGGRESSIVE;
				GCC_WARN_UNUSED_FUNCTION = YES;
				GCC_WARN_UNUSED_VARIABLE = YES;
				MACOSX_DEPLOYMENT_TARGET = 10.11;
				MTL_ENABLE_DEBUG_INFO = YES;
				ONLY_ACTIVE_ARCH = YES;
				SDKROOT = macosx;
			};
			name = Debug;
		};
		D7BA64301C502F9F00FFBD65 /* Release */ = {
			isa = XCBuildConfiguration;
			buildSettings = {
				ALWAYS_SEARCH_USER_PATHS = NO;
				CLANG_CXX_LANGUAGE_STANDARD = "gnu++0x";
				CLANG_CXX_LIBRARY = "libc++";
				CLANG_ENABLE_MODULES = YES;
				CLANG_ENABLE_OBJC_ARC = YES;
				CLANG_WARN_BOOL_CONVERSION = YES;
				CLANG_WARN_CONSTANT_CONVERSION = YES;
				CLANG_WARN_DIRECT_OBJC_ISA_USAGE = YES_ERROR;
				CLANG_WARN_EMPTY_BODY = YES;
				CLANG_WARN_ENUM_CONVERSION = YES;
				CLANG_WARN_INT_CONVERSION = YES;
				CLANG_WARN_OBJC_ROOT_CLASS = YES_ERROR;
				CLANG_WARN_UNREACHABLE_CODE = YES;
				CLANG_WARN__DUPLICATE_METHOD_MATCH = YES;
				CODE_SIGN_IDENTITY = "-";
				COPY_PHASE_STRIP = NO;
				DEBUG_INFORMATION_FORMAT = "dwarf-with-dsym";
				ENABLE_NS_ASSERTIONS = NO;
				ENABLE_STRICT_OBJC_MSGSEND = YES;
				GCC_C_LANGUAGE_STANDARD = gnu99;
				GCC_NO_COMMON_BLOCKS = YES;
				GCC_WARN_64_TO_32_BIT_CONVERSION = YES;
				GCC_WARN_ABOUT_RETURN_TYPE = YES_ERROR;
				GCC_WARN_UNDECLARED_SELECTOR = YES;
				GCC_WARN_UNINITIALIZED_AUTOS = YES_AGGRESSIVE;
				GCC_WARN_UNUSED_FUNCTION = YES;
				GCC_WARN_UNUSED_VARIABLE = YES;
				MACOSX_DEPLOYMENT_TARGET = 10.11;
				MTL_ENABLE_DEBUG_INFO = NO;
				SDKROOT = macosx;
			};
			name = Release;
		};
		D7BA64321C502F9F00FFBD65 /* Debug */ = {
			isa = XCBuildConfiguration;
			buildSettings = {
				PRODUCT_NAME = "$(TARGET_NAME)";
			};
			name = Debug;
		};
		D7BA64331C502F9F00FFBD65 /* Release */ = {
			isa = XCBuildConfiguration;
			buildSettings = {
				PRODUCT_NAME = "$(TARGET_NAME)";
			};
			name = Release;
		};
/* End XCBuildConfiguration section */

/* Begin XCConfigurationList section */
		D7BA64251C502F9F00FFBD65 /* Build configuration list for PBXProject "DevelopC" */ = {
			isa = XCConfigurationList;
			buildConfigurations = (
				D7BA642F1C502F9F00FFBD65 /* Debug */,
				D7BA64301C502F9F00FFBD65 /* Release */,
			);
			defaultConfigurationIsVisible = 0;
			defaultConfigurationName = Release;
		};
		D7BA64311C502F9F00FFBD65 /* Build configuration list for PBXNativeTarget "DevelopC" */ = {
			isa = XCConfigurationList;
			buildConfigurations = (
				D7BA64321C502F9F00FFBD65 /* Debug */,
				D7BA64331C502F9F00FFBD65 /* Release */,
			);
			defaultConfigurationIsVisible = 0;
		};
/* End XCConfigurationList section */
	};
	rootObject = D7BA64221C502F9F00FFBD65 /* Project object */;
}
